
Microsoft Visual Studio Solution File, Format Version 12.00
# Visual Studio Version 17
VisualStudioVersion = 17.14.36717.8 d17.14
MinimumVisualStudioVersion = 10.0.40219.1
Project("{FAE04EC0-301F-11D3-BF4B-00C04F79EFBC}") = "TasteHub", "TasteHub\TasteHub.csproj", "{87FEE1BB-0ECA-4866-9EE4-5BBBC0068FD2}"
EndProject
Global
	GlobalSection(SolutionConfigurationPlatforms) = preSolution
		Debug|Any CPU = Debug|Any CPU
		Release|Any CPU = Release|Any CPU
	EndGlobalSection
	GlobalSection(ProjectConfigurationPlatforms) = postSolution
		{87FEE1BB-0ECA-4866-9EE4-5BBBC0068FD2}.Debug|Any CPU.ActiveCfg = Debug|Any CPU
		{87FEE1BB-0ECA-4866-9EE4-5BBBC0068FD2}.Debug|Any CPU.Build.0 = Debug|Any CPU
		{87FEE1BB-0ECA-4866-9EE4-5BBBC0068FD2}.Release|Any CPU.ActiveCfg = Release|Any CPU
		{87FEE1BB-0ECA-4866-9EE4-5BBBC0068FD2}.Release|Any CPU.Build.0 = Release|Any CPU
	EndGlobalSection
	GlobalSection(SolutionProperties) = preSolution
		HideSolutionNode = FALSE
	EndGlobalSection
	GlobalSection(ExtensibilityGlobals) = postSolution
		SolutionGuid = {54DEE323-229E-40D6-9B07-479E8808DEE8}
	EndGlobalSection
EndGlobal
